
Microsoft Visual Studio Solution File, Format Version 12.00
# Visual Studio 15
VisualStudioVersion = 15.0.28010.0
MinimumVisualStudioVersion = 10.0.40219.1
Project("{FAE04EC0-301F-11D3-BF4B-00C04F79EFBC}") = "Server", "Server\Server.csproj", "{5C651373-FD3E-4B01-BEEC-40F6714BB03F}"
EndProject
Global
	GlobalSection(SolutionConfigurationPlatforms) = preSolution
		Debug|Any CPU = Debug|Any CPU
		Release|Any CPU = Release|Any CPU
	EndGlobalSection
	GlobalSection(ProjectConfigurationPlatforms) = postSolution
		{5C651373-FD3E-4B01-BEEC-40F6714BB03F}.Debug|Any CPU.ActiveCfg = Debug|Any CPU
		{5C651373-FD3E-4B01-BEEC-40F6714BB03F}.Debug|Any CPU.Build.0 = Debug|Any CPU
		{5C651373-FD3E-4B01-BEEC-40F6714BB03F}.Release|Any CPU.ActiveCfg = Release|Any CPU
		{5C651373-FD3E-4B01-BEEC-40F6714BB03F}.Release|Any CPU.Build.0 = Release|Any CPU
	EndGlobalSection
	GlobalSection(SolutionProperties) = preSolution
		HideSolutionNode = FALSE
	EndGlobalSection
	GlobalSection(ExtensibilityGlobals) = postSolution
		SolutionGuid = {F0FB5D1D-B419-4FDA-8A28-76C17A81D3CC}
	EndGlobalSection
EndGlobal
